{
  "name": "bewelcome-rox",
  "version": "2.2.0",
  "lockfileVersion": 1,
  "requires": true,
  "dependencies": {
    "cookieconsent": {
      "version": "3.0.6",
      "resolved": "https://registry.npmjs.org/cookieconsent/-/cookieconsent-3.0.6.tgz",
      "integrity": "sha512-itjtWcF5LcVgyBWfHGcmU0n9LfNZ6BzlKwm02lOqMvjacim9+83gNzsuxJc61+8tjvBXM3hfMl4jnquhHJbpxg=="
    }
  }
}
