{
    "composer/ca-bundle": {
        "version": "1.2.9"
    },
    "gregwar/captcha": {
        "version": "v1.1.9"
    },
    "gregwar/captcha-bundle": {
        "version": "v2.1.5"
    },
    "lcobucci/clock": {
        "version": "2.0.0"
    },
    "nelmio/security-bundle": {
        "version": "2.4",
        "recipe": {
            "repo": "github.com/symfony/recipes",
            "branch": "master",
            "version": "2.4",
            "ref": "65726efb67ff51d89de38195bc0d230fa811f64d"
        },
        "files": [
            "./config/packages/nelmio_security.yaml"
        ]
    },
    "symfony/dependency-injection": {
        "version": "v5.2.8"
    },
    "ua-parser/uap-php": {
        "version": "v3.9.14"
    }
}
