{
    "amphp/amp": {
        "version": "v2.4.4"
    },
    "amphp/byte-stream": {
        "version": "v1.7.3"
    },
    "amphp/cache": {
        "version": "v1.3.0"
    },
    "amphp/dns": {
        "version": "v1.2.1"
    },
    "amphp/hpack": {
        "version": "v3.1.0"
    },
    "amphp/http": {
        "version": "v1.6.0"
    },
    "amphp/http-client": {
        "version": "v4.3.1"
    },
    "amphp/parser": {
        "version": "v1.0.0"
    },
    "amphp/process": {
        "version": "v1.1.0"
    },
    "amphp/socket": {
        "version": "v1.1.1"
    },
    "amphp/sync": {
        "version": "v1.4.0"
    },
    "amphp/windows-registry": {
        "version": "v0.3.2"
    },
    "anthonymartin/geo-location": {
        "version": "v1.0.3"
    },
    "babdev/pagerfanta-bundle": {
        "version": "v2.1.0"
    },
    "cakephp/collection": {
        "version": "3.8.10"
    },
    "cakephp/core": {
        "version": "3.8.10"
    },
    "cakephp/database": {
        "version": "3.8.10"
    },
    "cakephp/datasource": {
        "version": "3.8.10"
    },
    "cakephp/utility": {
        "version": "3.8.10"
    },
    "composer/semver": {
        "version": "1.5.1"
    },
    "composer/xdebug-handler": {
        "version": "1.4.1"
    },
    "container-interop/container-interop": {
        "version": "1.2.0"
    },
    "daverandom/libdns": {
        "version": "v2.0.2"
    },
    "deployer/dist": {
        "version": "v6.7.3"
    },
    "doctrine/annotations": {
        "version": "1.0",
        "recipe": {
            "repo": "github.com/symfony/recipes",
            "branch": "master",
            "version": "1.0",
            "ref": "a2759dd6123694c8d901d0ec80006e044c2e6457"
        },
        "files": [
            "./config/routes/annotations.yaml"
        ]
    },
    "doctrine/cache": {
        "version": "1.10.0"
    },
    "doctrine/collections": {
        "version": "1.6.4"
    },
    "doctrine/common": {
        "version": "2.12.0"
    },
    "doctrine/data-fixtures": {
        "version": "1.4.2"
    },
    "doctrine/dbal": {
        "version": "v2.10.1"
    },
    "doctrine/doctrine-bundle": {
        "version": "1.12",
        "recipe": {
            "repo": "github.com/symfony/recipes",
            "branch": "master",
            "version": "1.12",
            "ref": "b11d5292f574a9cd092d506c899d05c79cf4d613"
        },
        "files": [
            "./config/packages/doctrine.yaml",
            "./config/packages/prod/doctrine.yaml",
            "./src/Entity/.gitignore",
            "./src/Repository/.gitignore"
        ]
    },
    "doctrine/doctrine-migrations-bundle": {
        "version": "1.2",
        "recipe": {
            "repo": "github.com/symfony/recipes",
            "branch": "master",
            "version": "1.2",
            "ref": "c1431086fec31f17fbcfe6d6d7e92059458facc1"
        },
        "files": [
            "./config/packages/doctrine_migrations.yaml",
            "./src/Migrations/.gitignore"
        ]
    },
    "doctrine/event-manager": {
        "version": "1.1.0"
    },
    "doctrine/inflector": {
        "version": "1.3.1"
    },
    "doctrine/instantiator": {
        "version": "1.3.0"
    },
    "doctrine/lexer": {
        "version": "1.2.0"
    },
    "doctrine/migrations": {
        "version": "2.2.1"
    },
    "doctrine/orm": {
        "version": "v2.7.1"
    },
    "doctrine/persistence": {
        "version": "1.3.6"
    },
    "doctrine/reflection": {
        "version": "v1.1.0"
    },
    "doctrine/sql-formatter": {
        "version": "1.0.1"
    },
    "egulias/email-validator": {
        "version": "2.1.17"
    },
    "exercise/htmlpurifier-bundle": {
        "version": "0.2",
        "recipe": {
            "repo": "github.com/symfony/recipes-contrib",
            "branch": "master",
            "version": "0.2",
            "ref": "0b76657841c2ba52647bb1b4a5595a0e3b9f485c"
        },
        "files": [
            "./config/packages/exercise_html_purifier.yaml"
        ]
    },
    "ezyang/htmlpurifier": {
        "version": "v4.12.0"
    },
    "foolz/sphinxql-query-builder": {
        "version": "1.2.0"
    },
    "friendsofphp/php-cs-fixer": {
        "version": "2.2",
        "recipe": {
            "repo": "github.com/symfony/recipes",
            "branch": "master",
            "version": "2.2",
            "ref": "cc05ab6abf6894bddb9bbd6a252459010ebe040b"
        },
        "files": [
            "./.php_cs.dist"
        ]
    },
    "fzaninotto/faker": {
        "version": "v1.9.1"
    },
    "guzzlehttp/psr7": {
        "version": "1.6.1"
    },
    "hamcrest/hamcrest-php": {
        "version": "v1.2.2"
    },
    "hautelook/alice-bundle": {
        "version": "2.1",
        "recipe": {
            "repo": "github.com/symfony/recipes",
            "branch": "master",
            "version": "2.1",
            "ref": "71822522faf7ed2792d86b7f94ce73443358ccb9"
        },
        "files": [
            "./config/packages/dev/hautelook_alice.yaml",
            "./config/packages/test/hautelook_alice.yaml",
            "./fixtures/.gitignore"
        ]
    },
    "hidehalo/nanoid-php": {
        "version": "1.1.6"
    },
    "html2text/html2text": {
        "version": "4.2.1"
    },
    "incenteev/composer-parameter-handler": {
        "version": "v2.1.3"
    },
    "intervention/image": {
        "version": "2.5.1"
    },
    "judev/php-htmltruncator": {
        "version": "1.2.2"
    },
    "kelunik/certificate": {
        "version": "v1.1.2"
    },
    "laminas/laminas-code": {
        "version": "3.4.1"
    },
    "laminas/laminas-escaper": {
        "version": "2.6.1"
    },
    "laminas/laminas-eventmanager": {
        "version": "3.2.1"
    },
    "laminas/laminas-stdlib": {
        "version": "3.2.1"
    },
    "laminas/laminas-uri": {
        "version": "2.7.1"
    },
    "laminas/laminas-validator": {
        "version": "2.13.4"
    },
    "laminas/laminas-zendframework-bridge": {
        "version": "1.0.1"
    },
    "league/html-to-markdown": {
        "version": "4.9.1"
    },
    "league/uri": {
        "version": "6.2.1"
    },
    "league/uri-interfaces": {
        "version": "2.1.0"
    },
    "league/uri-parser": {
        "version": "1.4.1"
    },
    "lorenzo/pinky": {
        "version": "1.0.5"
    },
    "masterminds/html5": {
        "version": "2.7.0"
    },
    "mockery/mockery": {
        "version": "0.9.11"
    },
    "monolog/monolog": {
        "version": "2.0.2"
    },
    "myclabs/deep-copy": {
        "version": "1.9.5"
    },
    "nelmio/alice": {
        "version": "3.2",
        "recipe": {
            "repo": "github.com/symfony/recipes",
            "branch": "master",
            "version": "3.2",
            "ref": "0b9900ece737bec7752e4155c0164639dd9b0cb0"
        },
        "files": [
            "./config/packages/dev/nelmio_alice.yaml",
            "./config/packages/test/nelmio_alice.yaml"
        ]
    },
    "nesbot/carbon": {
        "version": "2.31.0"
    },
    "nikic/php-parser": {
        "version": "v4.3.0"
    },
    "ocramius/package-versions": {
        "version": "1.5.1"
    },
    "ocramius/proxy-manager": {
        "version": "2.2.3"
    },
    "pagerfanta/pagerfanta": {
        "version": "v2.1.3"
    },
    "paragonie/random_compat": {
        "version": "v9.99.99"
    },
    "pdepend/pdepend": {
        "version": "2.7.1"
    },
    "php": {
        "version": "7.3.1"
    },
    "php-cs-fixer/diff": {
        "version": "v1.3.0"
    },
    "php-translation/common": {
        "version": "3.0.1"
    },
    "php-translation/extractor": {
        "version": "2.0.1"
    },
    "php-translation/symfony-bundle": {
        "version": "0.10",
        "recipe": {
            "repo": "github.com/symfony/recipes-contrib",
            "branch": "master",
            "version": "0.10",
            "ref": "7626dc2639039d9db29789b560171f2f2a9d8468"
        },
        "files": [
            "./config/packages/dev/php_translation.yaml",
            "./config/packages/php_translation.yaml",
            "./config/routes/dev/php_translation.yaml",
            "./config/routes/php_translation.yaml"
        ]
    },
    "php-translation/symfony-storage": {
        "version": "2.2.0"
    },
    "phploc/phploc": {
        "version": "5.0.0"
    },
    "phpmd/phpmd": {
        "version": "2.6.1"
    },
    "phpstan/extension-installer": {
        "version": "1.0.3"
    },
    "phpstan/phpstan": {
        "version": "0.11.19"
    },
    "phpstan/phpstan-doctrine": {
        "version": "0.11.6"
    },
    "phpstan/phpstan-symfony": {
        "version": "0.11.6"
    },
    "phpunit/php-timer": {
        "version": "2.1.2"
    },
    "psr/cache": {
        "version": "1.0.1"
    },
    "psr/container": {
        "version": "1.0.0"
    },
    "psr/event-dispatcher": {
        "version": "1.0.0"
    },
    "psr/http-message": {
        "version": "1.0.1"
    },
    "psr/log": {
        "version": "1.1.2"
    },
    "psr/simple-cache": {
        "version": "1.0.1"
    },
    "ralouphie/getallheaders": {
        "version": "3.0.3"
    },
    "robmorgan/phinx": {
        "version": "0.11.4"
    },
    "sebastian/comparator": {
        "version": "3.0.2"
    },
    "sebastian/diff": {
        "version": "3.0.2"
    },
    "sebastian/exporter": {
        "version": "3.1.2"
    },
    "sebastian/finder-facade": {
        "version": "1.2.3"
    },
    "sebastian/phpcpd": {
        "version": "4.1.0"
    },
    "sebastian/recursion-context": {
        "version": "3.0.0"
    },
    "sebastian/version": {
        "version": "2.0.1"
    },
    "sensio/framework-extra-bundle": {
        "version": "5.2",
        "recipe": {
            "repo": "github.com/symfony/recipes",
            "branch": "master",
            "version": "5.2",
            "ref": "fb7e19da7f013d0d422fa9bce16f5c510e27609b"
        },
        "files": [
            "./config/packages/sensio_framework_extra.yaml"
        ]
    },
    "squizlabs/php_codesniffer": {
        "version": "3.0",
        "recipe": {
            "repo": "github.com/symfony/recipes-contrib",
            "branch": "master",
            "version": "3.0",
            "ref": "0dc9cceda799fd3a08b96987e176a261028a3709"
        },
        "files": [
            "./phpcs.xml.dist"
        ]
    },
    "swiftmailer/swiftmailer": {
        "version": "v6.2.3"
    },
    "symfony/apache-pack": {
        "version": "1.0",
        "recipe": {
            "repo": "github.com/symfony/recipes-contrib",
            "branch": "master",
            "version": "1.0",
            "ref": "410b9325a37ef86f1e47262c61738f6202202bca"
        },
        "files": [
            "./public/.htaccess"
        ]
    },
    "symfony/asset": {
        "version": "v4.4.5"
    },
    "symfony/cache": {
        "version": "v4.4.5"
    },
    "symfony/cache-contracts": {
        "version": "v2.0.1"
    },
    "symfony/config": {
        "version": "v4.4.5"
    },
    "symfony/console": {
        "version": "4.4",
        "recipe": {
            "repo": "github.com/symfony/recipes",
            "branch": "master",
            "version": "4.4",
            "ref": "ea8c0eda34fda57e7d5cd8cbd889e2a387e3472c"
        },
        "files": [
            "./bin/console",
            "./config/bootstrap.php"
        ]
    },
    "symfony/css-selector": {
        "version": "v5.0.0"
    },
    "symfony/debug-bundle": {
        "version": "4.1",
        "recipe": {
            "repo": "github.com/symfony/recipes",
            "branch": "master",
            "version": "4.1",
            "ref": "f8863cbad2f2e58c4b65fa1eac892ab189971bea"
        },
        "files": [
            "./config/packages/dev/debug.yaml"
        ]
    },
    "symfony/debug-pack": {
        "version": "v1.0.7"
    },
    "symfony/dependency-injection": {
        "version": "v4.4.5"
    },
    "symfony/deprecation-contracts": {
        "version": "v2.1.2"
    },
    "symfony/doctrine-bridge": {
        "version": "v4.4.5"
    },
    "symfony/dotenv": {
        "version": "v4.4.5"
    },
    "symfony/error-handler": {
        "version": "v4.4.5"
    },
    "symfony/event-dispatcher": {
        "version": "v4.4.5"
    },
    "symfony/event-dispatcher-contracts": {
        "version": "v1.1.7"
    },
    "symfony/filesystem": {
        "version": "v4.4.5"
    },
    "symfony/finder": {
        "version": "v4.4.5"
    },
    "symfony/flex": {
        "version": "1.0",
        "recipe": {
            "repo": "github.com/symfony/recipes",
            "branch": "master",
            "version": "1.0",
            "ref": "c0eeb50665f0f77226616b6038a9b06c03752d8e"
        },
        "files": [
            "./.env"
        ]
    },
    "symfony/form": {
        "version": "v4.4.5"
    },
    "symfony/framework-bundle": {
        "version": "4.4",
        "recipe": {
            "repo": "github.com/symfony/recipes",
            "branch": "master",
            "version": "4.4",
            "ref": "23ecaccc551fe2f74baf613811ae529eb07762fa"
        },
        "files": [
            "./config/bootstrap.php",
            "./config/packages/cache.yaml",
            "./config/packages/framework.yaml",
            "./config/packages/test/framework.yaml",
            "./config/routes/dev/framework.yaml",
            "./config/services.yaml",
            "./public/index.php",
            "./src/Controller/.gitignore",
            "./src/Kernel.php"
        ]
    },
    "symfony/http-client": {
        "version": "v5.1.0"
    },
    "symfony/http-client-contracts": {
        "version": "v2.1.2"
    },
    "symfony/http-foundation": {
        "version": "v5.0.0"
    },
    "symfony/http-kernel": {
        "version": "v4.4.5"
    },
    "symfony/inflector": {
        "version": "v5.0.0"
    },
    "symfony/intl": {
        "version": "v5.0.0"
    },
    "symfony/mailer": {
        "version": "4.3",
        "recipe": {
            "repo": "github.com/symfony/recipes",
            "branch": "master",
            "version": "4.3",
            "ref": "15658c2a0176cda2e7dba66276a2030b52bd81b2"
        },
        "files": [
            "./config/packages/mailer.yaml"
        ]
    },
    "symfony/maker-bundle": {
        "version": "1.0",
        "recipe": {
            "repo": "github.com/symfony/recipes",
            "branch": "master",
            "version": "1.0",
            "ref": "fadbfe33303a76e25cb63401050439aa9b1a9c7f"
        }
    },
    "symfony/mime": {
        "version": "v5.0.0"
    },
    "symfony/monolog-bridge": {
        "version": "v5.0.0"
    },
    "symfony/monolog-bundle": {
        "version": "3.3",
        "recipe": {
            "repo": "github.com/symfony/recipes",
            "branch": "master",
            "version": "3.3",
            "ref": "877bdb4223245783d00ed1f7429aa7ebc606d914"
        },
        "files": [
            "./config/packages/dev/monolog.yaml",
            "./config/packages/prod/monolog.yaml",
            "./config/packages/test/monolog.yaml"
        ]
    },
    "symfony/options-resolver": {
        "version": "v4.4.5"
    },
    "symfony/orm-pack": {
        "version": "v1.0.8"
    },
    "symfony/phpunit-bridge": {
        "version": "4.3",
        "recipe": {
            "repo": "github.com/symfony/recipes",
            "branch": "master",
            "version": "4.3",
            "ref": "6d0e35f749d5f4bfe1f011762875275cd3f9874f"
        },
        "files": [
            "./.env.test",
            "./bin/phpunit",
            "./phpunit.xml.dist",
            "./tests/bootstrap.php"
        ]
    },
    "symfony/polyfill-apcu": {
        "version": "v1.14.0"
    },
    "symfony/polyfill-ctype": {
        "version": "v1.14.0"
    },
    "symfony/polyfill-iconv": {
        "version": "v1.14.0"
    },
    "symfony/polyfill-intl-grapheme": {
        "version": "v1.17.0"
    },
    "symfony/polyfill-intl-icu": {
        "version": "v1.14.0"
    },
    "symfony/polyfill-intl-idn": {
        "version": "v1.14.0"
    },
    "symfony/polyfill-intl-normalizer": {
        "version": "v1.17.0"
    },
    "symfony/polyfill-mbstring": {
        "version": "v1.14.0"
    },
    "symfony/polyfill-php70": {
        "version": "v1.14.0"
    },
    "symfony/polyfill-php72": {
        "version": "v1.14.0"
    },
    "symfony/polyfill-php73": {
        "version": "v1.14.0"
    },
    "symfony/polyfill-php80": {
        "version": "v1.17.0"
    },
    "symfony/process": {
        "version": "v4.4.5"
    },
    "symfony/profiler-pack": {
        "version": "v1.0.4"
    },
    "symfony/property-access": {
        "version": "v4.4.5"
    },
    "symfony/property-info": {
        "version": "v5.1.0"
    },
    "symfony/routing": {
        "version": "4.2",
        "recipe": {
            "repo": "github.com/symfony/recipes",
            "branch": "master",
            "version": "4.2",
            "ref": "683dcb08707ba8d41b7e34adb0344bfd68d248a7"
        },
        "files": [
            "./config/packages/prod/routing.yaml",
            "./config/packages/routing.yaml",
            "./config/routes.yaml"
        ]
    },
    "symfony/security-bundle": {
        "version": "4.4",
        "recipe": {
            "repo": "github.com/symfony/recipes",
            "branch": "master",
            "version": "4.4",
            "ref": "7b4408dc203049666fe23fabed23cbadc6d8440f"
        },
        "files": [
            "./config/packages/security.yaml"
        ]
    },
    "symfony/security-core": {
        "version": "v4.4.5"
    },
    "symfony/security-csrf": {
        "version": "v5.0.0"
    },
    "symfony/security-guard": {
        "version": "v4.4.5"
    },
    "symfony/security-http": {
        "version": "v4.4.5"
    },
    "symfony/service-contracts": {
        "version": "v2.0.1"
    },
    "symfony/stopwatch": {
        "version": "v4.4.5"
    },
    "symfony/string": {
        "version": "v5.1.0"
    },
    "symfony/swiftmailer-bundle": {
        "version": "2.5",
        "recipe": {
            "repo": "github.com/symfony/recipes",
            "branch": "master",
            "version": "2.5",
            "ref": "ae4d22af30bbd484506bc1817c5a3ef72c855b93"
        },
        "files": [
            "./config/packages/dev/swiftmailer.yaml",
            "./config/packages/swiftmailer.yaml",
            "./config/packages/test/swiftmailer.yaml"
        ]
    },
    "symfony/templating": {
        "version": "v4.4.5"
    },
    "symfony/translation": {
        "version": "3.3",
        "recipe": {
            "repo": "github.com/symfony/recipes",
            "branch": "master",
            "version": "3.3",
            "ref": "2ad9d2545bce8ca1a863e50e92141f0b9d87ffcd"
        },
        "files": [
            "./config/packages/translation.yaml",
            "./translations/.gitignore"
        ]
    },
    "symfony/translation-contracts": {
        "version": "v2.0.1"
    },
    "symfony/twig-bridge": {
        "version": "v4.4.5"
    },
    "symfony/twig-bundle": {
        "version": "4.4",
        "recipe": {
            "repo": "github.com/symfony/recipes",
            "branch": "master",
            "version": "4.4",
            "ref": "15a41bbd66a1323d09824a189b485c126bbefa51"
        },
        "files": [
            "./config/packages/test/twig.yaml",
            "./config/packages/twig.yaml",
            "./templates/base.html.twig"
        ]
    },
    "symfony/validator": {
        "version": "4.3",
        "recipe": {
            "repo": "github.com/symfony/recipes",
            "branch": "master",
            "version": "4.3",
            "ref": "d902da3e4952f18d3bf05aab29512eb61cabd869"
        },
        "files": [
            "./config/packages/test/validator.yaml",
            "./config/packages/validator.yaml"
        ]
    },
    "symfony/var-dumper": {
        "version": "v4.4.5"
    },
    "symfony/var-exporter": {
        "version": "v5.0.0"
    },
    "symfony/web-profiler-bundle": {
        "version": "3.3",
        "recipe": {
            "repo": "github.com/symfony/recipes",
            "branch": "master",
            "version": "3.3",
            "ref": "6bdfa1a95f6b2e677ab985cd1af2eae35d62e0f6"
        },
        "files": [
            "./config/packages/dev/web_profiler.yaml",
            "./config/packages/test/web_profiler.yaml",
            "./config/routes/dev/web_profiler.yaml"
        ]
    },
    "symfony/webpack-encore-bundle": {
        "version": "1.6",
        "recipe": {
            "repo": "github.com/symfony/recipes",
            "branch": "master",
            "version": "1.6",
            "ref": "69e1d805ad95964088bd510c05995e87dc391564"
        },
        "files": [
            "./assets/css/app.css",
            "./assets/js/app.js",
            "./config/packages/assets.yaml",
            "./config/packages/prod/webpack_encore.yaml",
            "./config/packages/test/webpack_encore.yaml",
            "./config/packages/webpack_encore.yaml",
            "./package.json",
            "./webpack.config.js"
        ]
    },
    "symfony/yaml": {
        "version": "v4.4.5"
    },
    "theofidry/alice-data-fixtures": {
        "version": "1.0",
        "recipe": {
            "repo": "github.com/symfony/recipes",
            "branch": "master",
            "version": "1.0",
            "ref": "fe5a50faf580eb58f08ada2abe8afbd2d4941e05"
        }
    },
    "theseer/fdomdocument": {
        "version": "1.6.6"
    },
    "tijsverkoyen/css-to-inline-styles": {
        "version": "2.2.2"
    },
    "twig/cssinliner-extra": {
        "version": "v2.12.5"
    },
    "twig/extensions": {
        "version": "1.0",
        "recipe": {
            "repo": "github.com/symfony/recipes",
            "branch": "master",
            "version": "1.0",
            "ref": "a86723ee8d8b2f9437c8ce60a5546a1c267da5ed"
        },
        "files": [
            "./config/packages/twig_extensions.yaml"
        ]
    },
    "twig/extra-bundle": {
        "version": "v3.0.3"
    },
    "twig/inky-extra": {
        "version": "v3.0.3"
    },
    "twig/markdown-extra": {
        "version": "v2.12.5"
    },
    "twig/twig": {
        "version": "v2.12.5"
    },
    "xemlock/htmlpurifier-html5": {
        "version": "v0.1.11"
    },
    "zendframework/zend-code": {
        "version": "3.4.1"
    },
    "zendframework/zend-escaper": {
        "version": "2.6.1"
    },
    "zendframework/zend-eventmanager": {
        "version": "3.2.1"
    },
    "zendframework/zend-stdlib": {
        "version": "3.2.1"
    },
    "zendframework/zend-uri": {
        "version": "2.7.1"
    },
    "zendframework/zend-validator": {
        "version": "2.13.0"
    }
}
