{
    "composer/ca-bundle": {
        "version": "1.2.9"
    },
    "gregwar/captcha": {
        "version": "v1.1.9"
    },
    "gregwar/captcha-bundle": {
        "version": "v2.1.5"
    },
    "lcobucci/clock": {
        "version": "2.0.0"
    },
    "nelmio/security-bundle": {
        "version": "2.4",
        "recipe": {
            "repo": "github.com/symfony/recipes",
            "branch": "master",
            "version": "2.4",
            "ref": "65726efb67ff51d89de38195bc0d230fa811f64d"
        },
        "files": [
            "./config/packages/nelmio_security.yaml"
        ]
    },
    "psr/http-factory": {
        "version": "1.0.1"
    },
    "sensio/framework-extra-bundle": {
        "version": "5.2",
        "recipe": {
            "repo": "github.com/symfony/recipes",
            "branch": "master",
            "version": "5.2",
            "ref": "fb7e19da7f013d0d422fa9bce16f5c510e27609b"
        },
        "files": [
            "./config/packages/sensio_framework_extra.yaml"
        ]
    },
    "symfony/dependency-injection": {
        "version": "v5.2.8"
    },
    "symfony/password-hasher": {
        "version": "v5.3.0-rc1"
    },
    "symfony/polyfill-php81": {
        "version": "v1.23.0"
    },
    "ua-parser/uap-php": {
        "version": "v3.9.14"
    }
}
